// !$*UTF8*$!
{
	archiveVersion = 1;
	classes = {
	};
	objectVersion = 50;
	objects = {

/* Begin PBXBuildFile section */
		3CF1ED3B26D37F0C004CC529 /* AppDelegate.swift in Sources */ = {isa = PBXBuildFile; fileRef = 3CF1ED3A26D37F0C004CC529 /* AppDelegate.swift */; };
		3CF1ED3D26D37F0C004CC529 /* SceneDelegate.swift in Sources */ = {isa = PBXBuildFile; fileRef = 3CF1ED3C26D37F0C004CC529 /* SceneDelegate.swift */; };
		3CF1ED4526D37F0C004CC529 /* Desired_Vacations_App.xcdatamodeld in Sources */ = {isa = PBXBuildFile; fileRef = 3CF1ED4326D37F0C004CC529 /* Desired_Vacations_App.xcdatamodeld */; };
		3CF1ED4726D37F10004CC529 /* Assets.xcassets in Resources */ = {isa = PBXBuildFile; fileRef = 3CF1ED4626D37F10004CC529 /* Assets.xcassets */; };
		3CF1ED4A26D37F10004CC529 /* LaunchScreen.storyboard in Resources */ = {isa = PBXBuildFile; fileRef = 3CF1ED4826D37F10004CC529 /* LaunchScreen.storyboard */; };
		3CF1ED5926D38D7F004CC529 /* VacationsViewController.swift in Sources */ = {isa = PBXBuildFile; fileRef = 3CF1ED5826D38D7F004CC529 /* VacationsViewController.swift */; };
		3CF1ED5B26D4D3B2004CC529 /* VacationsViewController.storyboard in Resources */ = {isa = PBXBuildFile; fileRef = 3CF1ED5A26D4D3B2004CC529 /* VacationsViewController.storyboard */; };
		3CF1ED5D26D4FD14004CC529 /* VacationsTableViewCell.swift in Sources */ = {isa = PBXBuildFile; fileRef = 3CF1ED5C26D4FD14004CC529 /* VacationsTableViewCell.swift */; };
		3CF1ED5F26D50C34004CC529 /* AddVacationViewController.storyboard in Resources */ = {isa = PBXBuildFile; fileRef = 3CF1ED5E26D50C34004CC529 /* AddVacationViewController.storyboard */; };
		3CF1ED6226D50C9B004CC529 /* AddVacationViewController.swift in Sources */ = {isa = PBXBuildFile; fileRef = 3CF1ED6126D50C9B004CC529 /* AddVacationViewController.swift */; };
		3CF1ED6426D5313D004CC529 /* VacationModel.swift in Sources */ = {isa = PBXBuildFile; fileRef = 3CF1ED6326D5313D004CC529 /* VacationModel.swift */; };
		3CF1ED6726D668E8004CC529 /* DesiredVacation+CoreDataClass.swift in Sources */ = {isa = PBXBuildFile; fileRef = 3CF1ED6526D668E8004CC529 /* DesiredVacation+CoreDataClass.swift */; };
		3CF1ED6826D668E8004CC529 /* DesiredVacation+CoreDataProperties.swift in Sources */ = {isa = PBXBuildFile; fileRef = 3CF1ED6626D668E8004CC529 /* DesiredVacation+CoreDataProperties.swift */; };
		3CF1ED6B26D690CA004CC529 /* VacationDetailsListViewController.swift in Sources */ = {isa = PBXBuildFile; fileRef = 3CF1ED6A26D690CA004CC529 /* VacationDetailsListViewController.swift */; };
		3CF1ED6D26D690F6004CC529 /* VacationDetails.storyboard in Resources */ = {isa = PBXBuildFile; fileRef = 3CF1ED6C26D690F6004CC529 /* VacationDetails.storyboard */; };
/* End PBXBuildFile section */

/* Begin PBXFileReference section */
		3CF1ED3726D37F0C004CC529 /* Desired Vacations App.app */ = {isa = PBXFileReference; explicitFileType = wrapper.application; includeInIndex = 0; path = "Desired Vacations App.app"; sourceTree = BUILT_PRODUCTS_DIR; };
		3CF1ED3A26D37F0C004CC529 /* AppDelegate.swift */ = {isa = PBXFileReference; lastKnownFileType = sourcecode.swift; path = AppDelegate.swift; sourceTree = "<group>"; };
		3CF1ED3C26D37F0C004CC529 /* SceneDelegate.swift */ = {isa = PBXFileReference; lastKnownFileType = sourcecode.swift; path = SceneDelegate.swift; sourceTree = "<group>"; };
		3CF1ED4426D37F0C004CC529 /* Desired_Vacations_App.xcdatamodel */ = {isa = PBXFileReference; lastKnownFileType = wrapper.xcdatamodel; path = Desired_Vacations_App.xcdatamodel; sourceTree = "<group>"; };
		3CF1ED4626D37F10004CC529 /* Assets.xcassets */ = {isa = PBXFileReference; lastKnownFileType = folder.assetcatalog; path = Assets.xcassets; sourceTree = "<group>"; };
		3CF1ED4926D37F10004CC529 /* Base */ = {isa = PBXFileReference; lastKnownFileType = file.storyboard; name = Base; path = Base.lproj/LaunchScreen.storyboard; sourceTree = "<group>"; };
		3CF1ED4B26D37F10004CC529 /* Info.plist */ = {isa = PBXFileReference; lastKnownFileType = text.plist.xml; path = Info.plist; sourceTree = "<group>"; };
		3CF1ED5826D38D7F004CC529 /* VacationsViewController.swift */ = {isa = PBXFileReference; lastKnownFileType = sourcecode.swift; path = VacationsViewController.swift; sourceTree = "<group>"; };
		3CF1ED5A26D4D3B2004CC529 /* VacationsViewController.storyboard */ = {isa = PBXFileReference; lastKnownFileType = file.storyboard; path = VacationsViewController.storyboard; sourceTree = "<group>"; };
		3CF1ED5C26D4FD14004CC529 /* VacationsTableViewCell.swift */ = {isa = PBXFileReference; lastKnownFileType = sourcecode.swift; path = VacationsTableViewCell.swift; sourceTree = "<group>"; };
		3CF1ED5E26D50C34004CC529 /* AddVacationViewController.storyboard */ = {isa = PBXFileReference; fileEncoding = 4; lastKnownFileType = file.storyboard; path = AddVacationViewController.storyboard; sourceTree = "<group>"; };
		3CF1ED6126D50C9B004CC529 /* AddVacationViewController.swift */ = {isa = PBXFileReference; lastKnownFileType = sourcecode.swift; path = AddVacationViewController.swift; sourceTree = "<group>"; };
		3CF1ED6326D5313D004CC529 /* VacationModel.swift */ = {isa = PBXFileReference; lastKnownFileType = sourcecode.swift; path = VacationModel.swift; sourceTree = "<group>"; };
		3CF1ED6526D668E8004CC529 /* DesiredVacation+CoreDataClass.swift */ = {isa = PBXFileReference; lastKnownFileType = sourcecode.swift; path = "DesiredVacation+CoreDataClass.swift"; sourceTree = "<group>"; };
		3CF1ED6626D668E8004CC529 /* DesiredVacation+CoreDataProperties.swift */ = {isa = PBXFileReference; lastKnownFileType = sourcecode.swift; path = "DesiredVacation+CoreDataProperties.swift"; sourceTree = "<group>"; };
		3CF1ED6A26D690CA004CC529 /* VacationDetailsListViewController.swift */ = {isa = PBXFileReference; lastKnownFileType = sourcecode.swift; path = VacationDetailsListViewController.swift; sourceTree = "<group>"; };
		3CF1ED6C26D690F6004CC529 /* VacationDetails.storyboard */ = {isa = PBXFileReference; lastKnownFileType = file.storyboard; path = VacationDetails.storyboard; sourceTree = "<group>"; };
/* End PBXFileReference section */

/* Begin PBXFrameworksBuildPhase section */
		3CF1ED3426D37F0C004CC529 /* Frameworks */ = {
			isa = PBXFrameworksBuildPhase;
			buildActionMask = 2147483647;
			files = (
			);
			runOnlyForDeploymentPostprocessing = 0;
		};
/* End PBXFrameworksBuildPhase section */

/* Begin PBXGroup section */
		3CF1ED2E26D37F0C004CC529 = {
			isa = PBXGroup;
			children = (
				3CF1ED3926D37F0C004CC529 /* Desired Vacations App */,
				3CF1ED3826D37F0C004CC529 /* Products */,
			);
			sourceTree = "<group>";
		};
		3CF1ED3826D37F0C004CC529 /* Products */ = {
			isa = PBXGroup;
			children = (
				3CF1ED3726D37F0C004CC529 /* Desired Vacations App.app */,
			);
			name = Products;
			sourceTree = "<group>";
		};
		3CF1ED3926D37F0C004CC529 /* Desired Vacations App */ = {
			isa = PBXGroup;
			children = (
				3CF1ED6926D69093004CC529 /* VacationDetailsVC */,
				3CF1ED6026D50C4B004CC529 /* AddVacationVC */,
				3CF1ED5726D38CD6004CC529 /* VacationsVC */,
				3CF1ED5626D3846E004CC529 /* Core Data Model */,
				3CF1ED5126D37F9F004CC529 /* Launch */,
				3CF1ED3A26D37F0C004CC529 /* AppDelegate.swift */,
				3CF1ED3C26D37F0C004CC529 /* SceneDelegate.swift */,
				3CF1ED4626D37F10004CC529 /* Assets.xcassets */,
				3CF1ED4B26D37F10004CC529 /* Info.plist */,
				3CF1ED4326D37F0C004CC529 /* Desired_Vacations_App.xcdatamodeld */,
				3CF1ED6326D5313D004CC529 /* VacationModel.swift */,
			);
			path = "Desired Vacations App";
			sourceTree = "<group>";
		};
		3CF1ED5126D37F9F004CC529 /* Launch */ = {
			isa = PBXGroup;
			children = (
				3CF1ED4826D37F10004CC529 /* LaunchScreen.storyboard */,
			);
			path = Launch;
			sourceTree = "<group>";
		};
		3CF1ED5626D3846E004CC529 /* Core Data Model */ = {
			isa = PBXGroup;
			children = (
				3CF1ED6526D668E8004CC529 /* DesiredVacation+CoreDataClass.swift */,
				3CF1ED6626D668E8004CC529 /* DesiredVacation+CoreDataProperties.swift */,
			);
			path = "Core Data Model";
			sourceTree = "<group>";
		};
		3CF1ED5726D38CD6004CC529 /* VacationsVC */ = {
			isa = PBXGroup;
			children = (
				3CF1ED5826D38D7F004CC529 /* VacationsViewController.swift */,
				3CF1ED5C26D4FD14004CC529 /* VacationsTableViewCell.swift */,
				3CF1ED5A26D4D3B2004CC529 /* VacationsViewController.storyboard */,
			);
			path = VacationsVC;
			sourceTree = "<group>";
		};
		3CF1ED6026D50C4B004CC529 /* AddVacationVC */ = {
			isa = PBXGroup;
			children = (
				3CF1ED5E26D50C34004CC529 /* AddVacationViewController.storyboard */,
				3CF1ED6126D50C9B004CC529 /* AddVacationViewController.swift */,
			);
			path = AddVacationVC;
			sourceTree = "<group>";
		};
		3CF1ED6926D69093004CC529 /* VacationDetailsVC */ = {
			isa = PBXGroup;
			children = (
				3CF1ED6A26D690CA004CC529 /* VacationDetailsListViewController.swift */,
				3CF1ED6C26D690F6004CC529 /* VacationDetails.storyboard */,
			);
			path = VacationDetailsVC;
			sourceTree = "<group>";
		};
/* End PBXGroup section */

/* Begin PBXNativeTarget section */
		3CF1ED3626D37F0C004CC529 /* Desired Vacations App */ = {
			isa = PBXNativeTarget;
			buildConfigurationList = 3CF1ED4E26D37F10004CC529 /* Build configuration list for PBXNativeTarget "Desired Vacations App" */;
			buildPhases = (
				3CF1ED3326D37F0C004CC529 /* Sources */,
				3CF1ED3426D37F0C004CC529 /* Frameworks */,
				3CF1ED3526D37F0C004CC529 /* Resources */,
			);
			buildRules = (
			);
			dependencies = (
			);
			name = "Desired Vacations App";
			productName = "Desired Vacations App";
			productReference = 3CF1ED3726D37F0C004CC529 /* Desired Vacations App.app */;
			productType = "com.apple.product-type.application";
		};
/* End PBXNativeTarget section */

/* Begin PBXProject section */
		3CF1ED2F26D37F0C004CC529 /* Project object */ = {
			isa = PBXProject;
			attributes = {
				KnownAssetTags = (
					vacations,
				);
				LastSwiftUpdateCheck = 1250;
				LastUpgradeCheck = 1250;
				TargetAttributes = {
					3CF1ED3626D37F0C004CC529 = {
						CreatedOnToolsVersion = 12.5.1;
					};
				};
			};
			buildConfigurationList = 3CF1ED3226D37F0C004CC529 /* Build configuration list for PBXProject "Desired Vacations App" */;
			compatibilityVersion = "Xcode 9.3";
			developmentRegion = en;
			hasScannedForEncodings = 0;
			knownRegions = (
				en,
				Base,
			);
			mainGroup = 3CF1ED2E26D37F0C004CC529;
			productRefGroup = 3CF1ED3826D37F0C004CC529 /* Products */;
			projectDirPath = "";
			projectRoot = "";
			targets = (
				3CF1ED3626D37F0C004CC529 /* Desired Vacations App */,
			);
		};
/* End PBXProject section */

/* Begin PBXResourcesBuildPhase section */
		3CF1ED3526D37F0C004CC529 /* Resources */ = {
			isa = PBXResourcesBuildPhase;
			buildActionMask = 2147483647;
			files = (
				3CF1ED5F26D50C34004CC529 /* AddVacationViewController.storyboard in Resources */,
				3CF1ED5B26D4D3B2004CC529 /* VacationsViewController.storyboard in Resources */,
				3CF1ED4A26D37F10004CC529 /* LaunchScreen.storyboard in Resources */,
				3CF1ED6D26D690F6004CC529 /* VacationDetails.storyboard in Resources */,
				3CF1ED4726D37F10004CC529 /* Assets.xcassets in Resources */,
			);
			runOnlyForDeploymentPostprocessing = 0;
		};
/* End PBXResourcesBuildPhase section */

/* Begin PBXSourcesBuildPhase section */
		3CF1ED3326D37F0C004CC529 /* Sources */ = {
			isa = PBXSourcesBuildPhase;
			buildActionMask = 2147483647;
			files = (
				3CF1ED6B26D690CA004CC529 /* VacationDetailsListViewController.swift in Sources */,
				3CF1ED5D26D4FD14004CC529 /* VacationsTableViewCell.swift in Sources */,
				3CF1ED6826D668E8004CC529 /* DesiredVacation+CoreDataProperties.swift in Sources */,
				3CF1ED6426D5313D004CC529 /* VacationModel.swift in Sources */,
				3CF1ED4526D37F0C004CC529 /* Desired_Vacations_App.xcdatamodeld in Sources */,
				3CF1ED3B26D37F0C004CC529 /* AppDelegate.swift in Sources */,
				3CF1ED3D26D37F0C004CC529 /* SceneDelegate.swift in Sources */,
				3CF1ED5926D38D7F004CC529 /* VacationsViewController.swift in Sources */,
				3CF1ED6226D50C9B004CC529 /* AddVacationViewController.swift in Sources */,
				3CF1ED6726D668E8004CC529 /* DesiredVacation+CoreDataClass.swift in Sources */,
			);
			runOnlyForDeploymentPostprocessing = 0;
		};
/* End PBXSourcesBuildPhase section */

/* Begin PBXVariantGroup section */
		3CF1ED4826D37F10004CC529 /* LaunchScreen.storyboard */ = {
			isa = PBXVariantGroup;
			children = (
				3CF1ED4926D37F10004CC529 /* Base */,
			);
			name = LaunchScreen.storyboard;
			sourceTree = "<group>";
		};
/* End PBXVariantGroup section */

/* Begin XCBuildConfiguration section */
		3CF1ED4C26D37F10004CC529 /* Debug */ = {
			isa = XCBuildConfiguration;
			buildSettings = {
				ALWAYS_SEARCH_USER_PATHS = NO;
				CLANG_ANALYZER_NONNULL = YES;
				CLANG_ANALYZER_NUMBER_OBJECT_CONVERSION = YES_AGGRESSIVE;
				CLANG_CXX_LANGUAGE_STANDARD = "gnu++14";
				CLANG_CXX_LIBRARY = "libc++";
				CLANG_ENABLE_MODULES = YES;
				CLANG_ENABLE_OBJC_ARC = YES;
				CLANG_ENABLE_OBJC_WEAK = YES;
				CLANG_WARN_BLOCK_CAPTURE_AUTORELEASING = YES;
				CLANG_WARN_BOOL_CONVERSION = YES;
				CLANG_WARN_COMMA = YES;
				CLANG_WARN_CONSTANT_CONVERSION = YES;
				CLANG_WARN_DEPRECATED_OBJC_IMPLEMENTATIONS = YES;
				CLANG_WARN_DIRECT_OBJC_ISA_USAGE = YES_ERROR;
				CLANG_WARN_DOCUMENTATION_COMMENTS = YES;
				CLANG_WARN_EMPTY_BODY = YES;
				CLANG_WARN_ENUM_CONVERSION = YES;
				CLANG_WARN_INFINITE_RECURSION = YES;
				CLANG_WARN_INT_CONVERSION = YES;
				CLANG_WARN_NON_LITERAL_NULL_CONVERSION = YES;
				CLANG_WARN_OBJC_IMPLICIT_RETAIN_SELF = YES;
				CLANG_WARN_OBJC_LITERAL_CONVERSION = YES;
				CLANG_WARN_OBJC_ROOT_CLASS = YES_ERROR;
				CLANG_WARN_QUOTED_INCLUDE_IN_FRAMEWORK_HEADER = YES;
				CLANG_WARN_RANGE_LOOP_ANALYSIS = YES;
				CLANG_WARN_STRICT_PROTOTYPES = YES;
				CLANG_WARN_SUSPICIOUS_MOVE = YES;
				CLANG_WARN_UNGUARDED_AVAILABILITY = YES_AGGRESSIVE;
				CLANG_WARN_UNREACHABLE_CODE = YES;
				CLANG_WARN__DUPLICATE_METHOD_MATCH = YES;
				COPY_PHASE_STRIP = NO;
				DEBUG_INFORMATION_FORMAT = dwarf;
				ENABLE_STRICT_OBJC_MSGSEND = YES;
				ENABLE_TESTABILITY = YES;
				GCC_C_LANGUAGE_STANDARD = gnu11;
				GCC_DYNAMIC_NO_PIC = NO;
				GCC_NO_COMMON_BLOCKS = YES;
				GCC_OPTIMIZATION_LEVEL = 0;
				GCC_PREPROCESSOR_DEFINITIONS = (
					"DEBUG=1",
					"$(inherited)",
				);
				GCC_WARN_64_TO_32_BIT_CONVERSION = YES;
				GCC_WARN_ABOUT_RETURN_TYPE = YES_ERROR;
				GCC_WARN_UNDECLARED_SELECTOR = YES;
				GCC_WARN_UNINITIALIZED_AUTOS = YES_AGGRESSIVE;
				GCC_WARN_UNUSED_FUNCTION = YES;
				GCC_WARN_UNUSED_VARIABLE = YES;
				IPHONEOS_DEPLOYMENT_TARGET = 14.5;
				MTL_ENABLE_DEBUG_INFO = INCLUDE_SOURCE;
				MTL_FAST_MATH = YES;
				ONLY_ACTIVE_ARCH = YES;
				SDKROOT = iphoneos;
				SWIFT_ACTIVE_COMPILATION_CONDITIONS = DEBUG;
				SWIFT_OPTIMIZATION_LEVEL = "-Onone";
			};
			name = Debug;
		};
		3CF1ED4D26D37F10004CC529 /* Release */ = {
			isa = XCBuildConfiguration;
			buildSettings = {
				ALWAYS_SEARCH_USER_PATHS = NO;
				CLANG_ANALYZER_NONNULL = YES;
				CLANG_ANALYZER_NUMBER_OBJECT_CONVERSION = YES_AGGRESSIVE;
				CLANG_CXX_LANGUAGE_STANDARD = "gnu++14";
				CLANG_CXX_LIBRARY = "libc++";
				CLANG_ENABLE_MODULES = YES;
				CLANG_ENABLE_OBJC_ARC = YES;
				CLANG_ENABLE_OBJC_WEAK = YES;
				CLANG_WARN_BLOCK_CAPTURE_AUTORELEASING = YES;
				CLANG_WARN_BOOL_CONVERSION = YES;
				CLANG_WARN_COMMA = YES;
				CLANG_WARN_CONSTANT_CONVERSION = YES;
				CLANG_WARN_DEPRECATED_OBJC_IMPLEMENTATIONS = YES;
				CLANG_WARN_DIRECT_OBJC_ISA_USAGE = YES_ERROR;
				CLANG_WARN_DOCUMENTATION_COMMENTS = YES;
				CLANG_WARN_EMPTY_BODY = YES;
				CLANG_WARN_ENUM_CONVERSION = YES;
				CLANG_WARN_INFINITE_RECURSION = YES;
				CLANG_WARN_INT_CONVERSION = YES;
				CLANG_WARN_NON_LITERAL_NULL_CONVERSION = YES;
				CLANG_WARN_OBJC_IMPLICIT_RETAIN_SELF = YES;
				CLANG_WARN_OBJC_LITERAL_CONVERSION = YES;
				CLANG_WARN_OBJC_ROOT_CLASS = YES_ERROR;
				CLANG_WARN_QUOTED_INCLUDE_IN_FRAMEWORK_HEADER = YES;
				CLANG_WARN_RANGE_LOOP_ANALYSIS = YES;
				CLANG_WARN_STRICT_PROTOTYPES = YES;
				CLANG_WARN_SUSPICIOUS_MOVE = YES;
				CLANG_WARN_UNGUARDED_AVAILABILITY = YES_AGGRESSIVE;
				CLANG_WARN_UNREACHABLE_CODE = YES;
				CLANG_WARN__DUPLICATE_METHOD_MATCH = YES;
				COPY_PHASE_STRIP = NO;
				DEBUG_INFORMATION_FORMAT = "dwarf-with-dsym";
				ENABLE_NS_ASSERTIONS = NO;
				ENABLE_STRICT_OBJC_MSGSEND = YES;
				GCC_C_LANGUAGE_STANDARD = gnu11;
				GCC_NO_COMMON_BLOCKS = YES;
				GCC_WARN_64_TO_32_BIT_CONVERSION = YES;
				GCC_WARN_ABOUT_RETURN_TYPE = YES_ERROR;
				GCC_WARN_UNDECLARED_SELECTOR = YES;
				GCC_WARN_UNINITIALIZED_AUTOS = YES_AGGRESSIVE;
				GCC_WARN_UNUSED_FUNCTION = YES;
				GCC_WARN_UNUSED_VARIABLE = YES;
				IPHONEOS_DEPLOYMENT_TARGET = 14.5;
				MTL_ENABLE_DEBUG_INFO = NO;
				MTL_FAST_MATH = YES;
				SDKROOT = iphoneos;
				SWIFT_COMPILATION_MODE = wholemodule;
				SWIFT_OPTIMIZATION_LEVEL = "-O";
				VALIDATE_PRODUCT = YES;
			};
			name = Release;
		};
		3CF1ED4F26D37F10004CC529 /* Debug */ = {
			isa = XCBuildConfiguration;
			buildSettings = {
				ASSETCATALOG_COMPILER_APPICON_NAME = AppIcon;
				ASSETCATALOG_COMPILER_GLOBAL_ACCENT_COLOR_NAME = AccentColor;
				CODE_SIGN_STYLE = Automatic;
				DEVELOPMENT_TEAM = 5C2QNAY2L3;
				INFOPLIST_FILE = "Desired Vacations App/Info.plist";
				LD_RUNPATH_SEARCH_PATHS = (
					"$(inherited)",
					"@executable_path/Frameworks",
				);
				PRODUCT_BUNDLE_IDENTIFIER = "Viktor-Krastev.Desired-Vacations-App";
				PRODUCT_NAME = "$(TARGET_NAME)";
				SWIFT_VERSION = 5.0;
				TARGETED_DEVICE_FAMILY = "1,2";
			};
			name = Debug;
		};
		3CF1ED5026D37F10004CC529 /* Release */ = {
			isa = XCBuildConfiguration;
			buildSettings = {
				ASSETCATALOG_COMPILER_APPICON_NAME = AppIcon;
				ASSETCATALOG_COMPILER_GLOBAL_ACCENT_COLOR_NAME = AccentColor;
				CODE_SIGN_STYLE = Automatic;
				DEVELOPMENT_TEAM = 5C2QNAY2L3;
				INFOPLIST_FILE = "Desired Vacations App/Info.plist";
				LD_RUNPATH_SEARCH_PATHS = (
					"$(inherited)",
					"@executable_path/Frameworks",
				);
				PRODUCT_BUNDLE_IDENTIFIER = "Viktor-Krastev.Desired-Vacations-App";
				PRODUCT_NAME = "$(TARGET_NAME)";
				SWIFT_VERSION = 5.0;
				TARGETED_DEVICE_FAMILY = "1,2";
			};
			name = Release;
		};
/* End XCBuildConfiguration section */

/* Begin XCConfigurationList section */
		3CF1ED3226D37F0C004CC529 /* Build configuration list for PBXProject "Desired Vacations App" */ = {
			isa = XCConfigurationList;
			buildConfigurations = (
				3CF1ED4C26D37F10004CC529 /* Debug */,
				3CF1ED4D26D37F10004CC529 /* Release */,
			);
			defaultConfigurationIsVisible = 0;
			defaultConfigurationName = Release;
		};
		3CF1ED4E26D37F10004CC529 /* Build configuration list for PBXNativeTarget "Desired Vacations App" */ = {
			isa = XCConfigurationList;
			buildConfigurations = (
				3CF1ED4F26D37F10004CC529 /* Debug */,
				3CF1ED5026D37F10004CC529 /* Release */,
			);
			defaultConfigurationIsVisible = 0;
			defaultConfigurationName = Release;
		};
/* End XCConfigurationList section */

/* Begin XCVersionGroup section */
		3CF1ED4326D37F0C004CC529 /* Desired_Vacations_App.xcdatamodeld */ = {
			isa = XCVersionGroup;
			children = (
				3CF1ED4426D37F0C004CC529 /* Desired_Vacations_App.xcdatamodel */,
			);
			currentVersion = 3CF1ED4426D37F0C004CC529 /* Desired_Vacations_App.xcdatamodel */;
			path = Desired_Vacations_App.xcdatamodeld;
			sourceTree = "<group>";
			versionGroupType = wrapper.xcdatamodel;
		};
/* End XCVersionGroup section */
	};
	rootObject = 3CF1ED2F26D37F0C004CC529 /* Project object */;
}
